
Microsoft Visual Studio Solution File, Format Version 12.00
# Visual Studio Version 16
VisualStudioVersion = 16.0.29709.97
MinimumVisualStudioVersion = 10.0.40219.1
Project("{2150E333-8FDC-42A3-9474-1A3956D46DE8}") = "Solution Items", "Solution Items", "{DA5B1572-0F2B-49E3-8A4D-4715D6B2A820}"
	ProjectSection(SolutionItems) = preProject
		.editorconfig = .editorconfig
		.gitattributes = .gitattributes
		.gitignore = .gitignore
		ACKNOWLEDGMENTS.md = ACKNOWLEDGMENTS.md
		AUTHORS.md = AUTHORS.md
		CHANGELOG.md = CHANGELOG.md
		CODE_OF_CONDUCT.md = CODE_OF_CONDUCT.md
		CONTRIBUTING.md = CONTRIBUTING.md
		LICENSE.md = LICENSE.md
		README.md = README.md
		RELEASE.md = RELEASE.md
		ROADMAP.md = ROADMAP.md
		TODO.md = TODO.md
	EndProjectSection
EndProject
Project("{2150E333-8FDC-42A3-9474-1A3956D46DE8}") = "Docs", "Docs", "{59565DCA-D555-4563-A38F-B911E67EEA27}"
EndProject
Project("{2150E333-8FDC-42A3-9474-1A3956D46DE8}") = "Libraries", "Libraries", "{6B44EED5-535A-4765-A071-4C044E1F7328}"
EndProject
Project("{2150E333-8FDC-42A3-9474-1A3956D46DE8}") = "Web", "Web", "{54E1F6DA-B0C8-4199-8C5C-A2F1912F1D93}"
EndProject
Project("{2150E333-8FDC-42A3-9474-1A3956D46DE8}") = "Desktop", "Desktop", "{00BB29C9-E095-4867-A322-E2E7EB3CD650}"
EndProject
Project("{E24C65DC-7377-472B-9ABA-BC803B73C61A}") = "docs", "docs\", "{3EC5A6D2-CC40-412F-8423-9C15EEC44984}"
	ProjectSection(WebsiteProperties) = preProject
		TargetFrameworkMoniker = ".NETFramework,Version%3Dv4.0"
		Debug.AspNetCompiler.VirtualPath = "/localhost_51653"
		Debug.AspNetCompiler.PhysicalPath = "docs\"
		Debug.AspNetCompiler.TargetPath = "PrecompiledWeb\localhost_51653\"
		Debug.AspNetCompiler.Updateable = "true"
		Debug.AspNetCompiler.ForceOverwrite = "true"
		Debug.AspNetCompiler.FixedNames = "false"
		Debug.AspNetCompiler.Debug = "True"
		Release.AspNetCompiler.VirtualPath = "/localhost_51653"
		Release.AspNetCompiler.PhysicalPath = "docs\"
		Release.AspNetCompiler.TargetPath = "PrecompiledWeb\localhost_51653\"
		Release.AspNetCompiler.Updateable = "true"
		Release.AspNetCompiler.ForceOverwrite = "true"
		Release.AspNetCompiler.FixedNames = "false"
		Release.AspNetCompiler.Debug = "False"
		VWDPort = "51653"
		SlnRelativePath = "docs\"
	EndProjectSection
EndProject
Global
	GlobalSection(SolutionConfigurationPlatforms) = preSolution
		Debug|Any CPU = Debug|Any CPU
	EndGlobalSection
	GlobalSection(ProjectConfigurationPlatforms) = postSolution
		{3EC5A6D2-CC40-412F-8423-9C15EEC44984}.Debug|Any CPU.ActiveCfg = Debug|Any CPU
		{3EC5A6D2-CC40-412F-8423-9C15EEC44984}.Debug|Any CPU.Build.0 = Debug|Any CPU
	EndGlobalSection
	GlobalSection(SolutionProperties) = preSolution
		HideSolutionNode = FALSE
	EndGlobalSection
	GlobalSection(NestedProjects) = preSolution
		{3EC5A6D2-CC40-412F-8423-9C15EEC44984} = {59565DCA-D555-4563-A38F-B911E67EEA27}
	EndGlobalSection
	GlobalSection(ExtensibilityGlobals) = postSolution
		SolutionGuid = {69620D6C-4239-4155-8E2F-581CF4F6A4A6}
	EndGlobalSection
EndGlobal
